
Microsoft Visual Studio Solution File, Format Version 12.00
# Visual Studio Version 16
VisualStudioVersion = 16.0.30611.23
MinimumVisualStudioVersion = 10.0.40219.1
Project("{FAE04EC0-301F-11D3-BF4B-00C04F79EFBC}") = "Autopark", "Autopark\Autopark.csproj", "{1E94474D-0435-40B8-89E1-D34FAED13C3E}"
EndProject
Global
	GlobalSection(SolutionConfigurationPlatforms) = preSolution
		Debug|Any CPU = Debug|Any CPU
		Release|Any CPU = Release|Any CPU
	EndGlobalSection
	GlobalSection(ProjectConfigurationPlatforms) = postSolution
		{1E94474D-0435-40B8-89E1-D34FAED13C3E}.Debug|Any CPU.ActiveCfg = Debug|Any CPU
		{1E94474D-0435-40B8-89E1-D34FAED13C3E}.Debug|Any CPU.Build.0 = Debug|Any CPU
		{1E94474D-0435-40B8-89E1-D34FAED13C3E}.Release|Any CPU.ActiveCfg = Release|Any CPU
		{1E94474D-0435-40B8-89E1-D34FAED13C3E}.Release|Any CPU.Build.0 = Release|Any CPU
	EndGlobalSection
	GlobalSection(SolutionProperties) = preSolution
		HideSolutionNode = FALSE
	EndGlobalSection
	GlobalSection(ExtensibilityGlobals) = postSolution
		SolutionGuid = {8CF28DD3-2C2F-47D7-AC8B-562A7C07EFEE}
	EndGlobalSection
EndGlobal
